// !$*UTF8*$!
{
	archiveVersion = 1;
	classes = {
	};
	objectVersion = 77;
	objects = {

/* Begin PBXContainerItemProxy section */
		048C217E2CABF2F7003EBAAD /* PBXContainerItemProxy */ = {
			isa = PBXContainerItemProxy;
			containerPortal = 048C21652CABF2F5003EBAAD /* Project object */;
			proxyType = 1;
			remoteGlobalIDString = 048C216C2CABF2F5003EBAAD;
			remoteInfo = DragGesture;
		};
		048C21882CABF2F7003EBAAD /* PBXContainerItemProxy */ = {
			isa = PBXContainerItemProxy;
			containerPortal = 048C21652CABF2F5003EBAAD /* Project object */;
			proxyType = 1;
			remoteGlobalIDString = 048C216C2CABF2F5003EBAAD;
			remoteInfo = DragGesture;
		};
/* End PBXContainerItemProxy section */

/* Begin PBXFileReference section */
		048C216D2CABF2F5003EBAAD /* DragGesture.app */ = {isa = PBXFileReference; explicitFileType = wrapper.application; includeInIndex = 0; path = DragGesture.app; sourceTree = BUILT_PRODUCTS_DIR; };
		048C217D2CABF2F7003EBAAD /* DragGestureTests.xctest */ = {isa = PBXFileReference; explicitFileType = wrapper.cfbundle; includeInIndex = 0; path = DragGestureTests.xctest; sourceTree = BUILT_PRODUCTS_DIR; };
		048C21872CABF2F7003EBAAD /* DragGestureUITests.xctest */ = {isa = PBXFileReference; explicitFileType = wrapper.cfbundle; includeInIndex = 0; path = DragGestureUITests.xctest; sourceTree = BUILT_PRODUCTS_DIR; };
/* End PBXFileReference section */

/* Begin PBXFileSystemSynchronizedRootGroup section */
		048C216F2CABF2F5003EBAAD /* DragGesture */ = {
			isa = PBXFileSystemSynchronizedRootGroup;
			path = DragGesture;
			sourceTree = "<group>";
		};
		048C21802CABF2F7003EBAAD /* DragGestureTests */ = {
			isa = PBXFileSystemSynchronizedRootGroup;
			path = DragGestureTests;
			sourceTree = "<group>";
		};
		048C218A2CABF2F7003EBAAD /* DragGestureUITests */ = {
			isa = PBXFileSystemSynchronizedRootGroup;
			path = DragGestureUITests;
			sourceTree = "<group>";
		};
/* End PBXFileSystemSynchronizedRootGroup section */

/* Begin PBXFrameworksBuildPhase section */
		048C216A2CABF2F5003EBAAD /* Frameworks */ = {
			isa = PBXFrameworksBuildPhase;
			buildActionMask = 2147483647;
			files = (
			);
			runOnlyForDeploymentPostprocessing = 0;
		};
		048C217A2CABF2F7003EBAAD /* Frameworks */ = {
			isa = PBXFrameworksBuildPhase;
			buildActionMask = 2147483647;
			files = (
			);
			runOnlyForDeploymentPostprocessing = 0;
		};
		048C21842CABF2F7003EBAAD /* Frameworks */ = {
			isa = PBXFrameworksBuildPhase;
			buildActionMask = 2147483647;
			files = (
			);
			runOnlyForDeploymentPostprocessing = 0;
		};
/* End PBXFrameworksBuildPhase section */

/* Begin PBXGroup section */
		048C21642CABF2F5003EBAAD = {
			isa = PBXGroup;
			children = (
				048C216F2CABF2F5003EBAAD /* DragGesture */,
				048C21802CABF2F7003EBAAD /* DragGestureTests */,
				048C218A2CABF2F7003EBAAD /* DragGestureUITests */,
				048C216E2CABF2F5003EBAAD /* Products */,
			);
			sourceTree = "<group>";
		};
		048C216E2CABF2F5003EBAAD /* Products */ = {
			isa = PBXGroup;
			children = (
				048C216D2CABF2F5003EBAAD /* DragGesture.app */,
				048C217D2CABF2F7003EBAAD /* DragGestureTests.xctest */,
				048C21872CABF2F7003EBAAD /* DragGestureUITests.xctest */,
			);
			name = Products;
			sourceTree = "<group>";
		};
/* End PBXGroup section */

/* Begin PBXNativeTarget section */
		048C216C2CABF2F5003EBAAD /* DragGesture */ = {
			isa = PBXNativeTarget;
			buildConfigurationList = 048C21912CABF2F7003EBAAD /* Build configuration list for PBXNativeTarget "DragGesture" */;
			buildPhases = (
				048C21692CABF2F5003EBAAD /* Sources */,
				048C216A2CABF2F5003EBAAD /* Frameworks */,
				048C216B2CABF2F5003EBAAD /* Resources */,
			);
			buildRules = (
			);
			dependencies = (
			);
			fileSystemSynchronizedGroups = (
				048C216F2CABF2F5003EBAAD /* DragGesture */,
			);
			name = DragGesture;
			packageProductDependencies = (
			);
			productName = DragGesture;
			productReference = 048C216D2CABF2F5003EBAAD /* DragGesture.app */;
			productType = "com.apple.product-type.application";
		};
		048C217C2CABF2F7003EBAAD /* DragGestureTests */ = {
			isa = PBXNativeTarget;
			buildConfigurationList = 048C21942CABF2F7003EBAAD /* Build configuration list for PBXNativeTarget "DragGestureTests" */;
			buildPhases = (
				048C21792CABF2F7003EBAAD /* Sources */,
				048C217A2CABF2F7003EBAAD /* Frameworks */,
				048C217B2CABF2F7003EBAAD /* Resources */,
			);
			buildRules = (
			);
			dependencies = (
				048C217F2CABF2F7003EBAAD /* PBXTargetDependency */,
			);
			fileSystemSynchronizedGroups = (
				048C21802CABF2F7003EBAAD /* DragGestureTests */,
			);
			name = DragGestureTests;
			packageProductDependencies = (
			);
			productName = DragGestureTests;
			productReference = 048C217D2CABF2F7003EBAAD /* DragGestureTests.xctest */;
			productType = "com.apple.product-type.bundle.unit-test";
		};
		048C21862CABF2F7003EBAAD /* DragGestureUITests */ = {
			isa = PBXNativeTarget;
			buildConfigurationList = 048C21972CABF2F7003EBAAD /* Build configuration list for PBXNativeTarget "DragGestureUITests" */;
			buildPhases = (
				048C21832CABF2F7003EBAAD /* Sources */,
				048C21842CABF2F7003EBAAD /* Frameworks */,
				048C21852CABF2F7003EBAAD /* Resources */,
			);
			buildRules = (
			);
			dependencies = (
				048C21892CABF2F7003EBAAD /* PBXTargetDependency */,
			);
			fileSystemSynchronizedGroups = (
				048C218A2CABF2F7003EBAAD /* DragGestureUITests */,
			);
			name = DragGestureUITests;
			packageProductDependencies = (
			);
			productName = DragGestureUITests;
			productReference = 048C21872CABF2F7003EBAAD /* DragGestureUITests.xctest */;
			productType = "com.apple.product-type.bundle.ui-testing";
		};
/* End PBXNativeTarget section */

/* Begin PBXProject section */
		048C21652CABF2F5003EBAAD /* Project object */ = {
			isa = PBXProject;
			attributes = {
				BuildIndependentTargetsInParallel = 1;
				LastSwiftUpdateCheck = 1600;
				LastUpgradeCheck = 1600;
				TargetAttributes = {
					048C216C2CABF2F5003EBAAD = {
						CreatedOnToolsVersion = 16.0;
					};
					048C217C2CABF2F7003EBAAD = {
						CreatedOnToolsVersion = 16.0;
						TestTargetID = 048C216C2CABF2F5003EBAAD;
					};
					048C21862CABF2F7003EBAAD = {
						CreatedOnToolsVersion = 16.0;
						TestTargetID = 048C216C2CABF2F5003EBAAD;
					};
				};
			};
			buildConfigurationList = 048C21682CABF2F5003EBAAD /* Build configuration list for PBXProject "DragGesture" */;
			developmentRegion = en;
			hasScannedForEncodings = 0;
			knownRegions = (
				en,
				Base,
			);
			mainGroup = 048C21642CABF2F5003EBAAD;
			minimizedProjectReferenceProxies = 1;
			preferredProjectObjectVersion = 77;
			productRefGroup = 048C216E2CABF2F5003EBAAD /* Products */;
			projectDirPath = "";
			projectRoot = "";
			targets = (
				048C216C2CABF2F5003EBAAD /* DragGesture */,
				048C217C2CABF2F7003EBAAD /* DragGestureTests */,
				048C21862CABF2F7003EBAAD /* DragGestureUITests */,
			);
		};
/* End PBXProject section */

/* Begin PBXResourcesBuildPhase section */
		048C216B2CABF2F5003EBAAD /* Resources */ = {
			isa = PBXResourcesBuildPhase;
			buildActionMask = 2147483647;
			files = (
			);
			runOnlyForDeploymentPostprocessing = 0;
		};
		048C217B2CABF2F7003EBAAD /* Resources */ = {
			isa = PBXResourcesBuildPhase;
			buildActionMask = 2147483647;
			files = (
			);
			runOnlyForDeploymentPostprocessing = 0;
		};
		048C21852CABF2F7003EBAAD /* Resources */ = {
			isa = PBXResourcesBuildPhase;
			buildActionMask = 2147483647;
			files = (
			);
			runOnlyForDeploymentPostprocessing = 0;
		};
/* End PBXResourcesBuildPhase section */

/* Begin PBXSourcesBuildPhase section */
		048C21692CABF2F5003EBAAD /* Sources */ = {
			isa = PBXSourcesBuildPhase;
			buildActionMask = 2147483647;
			files = (
			);
			runOnlyForDeploymentPostprocessing = 0;
		};
		048C21792CABF2F7003EBAAD /* Sources */ = {
			isa = PBXSourcesBuildPhase;
			buildActionMask = 2147483647;
			files = (
			);
			runOnlyForDeploymentPostprocessing = 0;
		};
		048C21832CABF2F7003EBAAD /* Sources */ = {
			isa = PBXSourcesBuildPhase;
			buildActionMask = 2147483647;
			files = (
			);
			runOnlyForDeploymentPostprocessing = 0;
		};
/* End PBXSourcesBuildPhase section */

/* Begin PBXTargetDependency section */
		048C217F2CABF2F7003EBAAD /* PBXTargetDependency */ = {
			isa = PBXTargetDependency;
			target = 048C216C2CABF2F5003EBAAD /* DragGesture */;
			targetProxy = 048C217E2CABF2F7003EBAAD /* PBXContainerItemProxy */;
		};
		048C21892CABF2F7003EBAAD /* PBXTargetDependency */ = {
			isa = PBXTargetDependency;
			target = 048C216C2CABF2F5003EBAAD /* DragGesture */;
			targetProxy = 048C21882CABF2F7003EBAAD /* PBXContainerItemProxy */;
		};
/* End PBXTargetDependency section */

/* Begin XCBuildConfiguration section */
		048C218F2CABF2F7003EBAAD /* Debug */ = {
			isa = XCBuildConfiguration;
			buildSettings = {
				ALWAYS_SEARCH_USER_PATHS = NO;
				ASSETCATALOG_COMPILER_GENERATE_SWIFT_ASSET_SYMBOL_EXTENSIONS = YES;
				CLANG_ANALYZER_NONNULL = YES;
				CLANG_ANALYZER_NUMBER_OBJECT_CONVERSION = YES_AGGRESSIVE;
				CLANG_CXX_LANGUAGE_STANDARD = "gnu++20";
				CLANG_ENABLE_MODULES = YES;
				CLANG_ENABLE_OBJC_ARC = YES;
				CLANG_ENABLE_OBJC_WEAK = YES;
				CLANG_WARN_BLOCK_CAPTURE_AUTORELEASING = YES;
				CLANG_WARN_BOOL_CONVERSION = YES;
				CLANG_WARN_COMMA = YES;
				CLANG_WARN_CONSTANT_CONVERSION = YES;
				CLANG_WARN_DEPRECATED_OBJC_IMPLEMENTATIONS = YES;
				CLANG_WARN_DIRECT_OBJC_ISA_USAGE = YES_ERROR;
				CLANG_WARN_DOCUMENTATION_COMMENTS = YES;
				CLANG_WARN_EMPTY_BODY = YES;
				CLANG_WARN_ENUM_CONVERSION = YES;
				CLANG_WARN_INFINITE_RECURSION = YES;
				CLANG_WARN_INT_CONVERSION = YES;
				CLANG_WARN_NON_LITERAL_NULL_CONVERSION = YES;
				CLANG_WARN_OBJC_IMPLICIT_RETAIN_SELF = YES;
				CLANG_WARN_OBJC_LITERAL_CONVERSION = YES;
				CLANG_WARN_OBJC_ROOT_CLASS = YES_ERROR;
				CLANG_WARN_QUOTED_INCLUDE_IN_FRAMEWORK_HEADER = YES;
				CLANG_WARN_RANGE_LOOP_ANALYSIS = YES;
				CLANG_WARN_STRICT_PROTOTYPES = YES;
				CLANG_WARN_SUSPICIOUS_MOVE = YES;
				CLANG_WARN_UNGUARDED_AVAILABILITY = YES_AGGRESSIVE;
				CLANG_WARN_UNREACHABLE_CODE = YES;
				CLANG_WARN__DUPLICATE_METHOD_MATCH = YES;
				COPY_PHASE_STRIP = NO;
				DEBUG_INFORMATION_FORMAT = dwarf;
				ENABLE_STRICT_OBJC_MSGSEND = YES;
				ENABLE_TESTABILITY = YES;
				ENABLE_USER_SCRIPT_SANDBOXING = YES;
				GCC_C_LANGUAGE_STANDARD = gnu17;
				GCC_DYNAMIC_NO_PIC = NO;
				GCC_NO_COMMON_BLOCKS = YES;
				GCC_OPTIMIZATION_LEVEL = 0;
				GCC_PREPROCESSOR_DEFINITIONS = (
					"DEBUG=1",
					"$(inherited)",
				);
				GCC_WARN_64_TO_32_BIT_CONVERSION = YES;
				GCC_WARN_ABOUT_RETURN_TYPE = YES_ERROR;
				GCC_WARN_UNDECLARED_SELECTOR = YES;
				GCC_WARN_UNINITIALIZED_AUTOS = YES_AGGRESSIVE;
				GCC_WARN_UNUSED_FUNCTION = YES;
				GCC_WARN_UNUSED_VARIABLE = YES;
				IPHONEOS_DEPLOYMENT_TARGET = 18.0;
				LOCALIZATION_PREFERS_STRING_CATALOGS = YES;
				MTL_ENABLE_DEBUG_INFO = INCLUDE_SOURCE;
				MTL_FAST_MATH = YES;
				ONLY_ACTIVE_ARCH = YES;
				SDKROOT = iphoneos;
				SWIFT_ACTIVE_COMPILATION_CONDITIONS = "DEBUG $(inherited)";
				SWIFT_OPTIMIZATION_LEVEL = "-Onone";
			};
			name = Debug;
		};
		048C21902CABF2F7003EBAAD /* Release */ = {
			isa = XCBuildConfiguration;
			buildSettings = {
				ALWAYS_SEARCH_USER_PATHS = NO;
				ASSETCATALOG_COMPILER_GENERATE_SWIFT_ASSET_SYMBOL_EXTENSIONS = YES;
				CLANG_ANALYZER_NONNULL = YES;
				CLANG_ANALYZER_NUMBER_OBJECT_CONVERSION = YES_AGGRESSIVE;
				CLANG_CXX_LANGUAGE_STANDARD = "gnu++20";
				CLANG_ENABLE_MODULES = YES;
				CLANG_ENABLE_OBJC_ARC = YES;
				CLANG_ENABLE_OBJC_WEAK = YES;
				CLANG_WARN_BLOCK_CAPTURE_AUTORELEASING = YES;
				CLANG_WARN_BOOL_CONVERSION = YES;
				CLANG_WARN_COMMA = YES;
				CLANG_WARN_CONSTANT_CONVERSION = YES;
				CLANG_WARN_DEPRECATED_OBJC_IMPLEMENTATIONS = YES;
				CLANG_WARN_DIRECT_OBJC_ISA_USAGE = YES_ERROR;
				CLANG_WARN_DOCUMENTATION_COMMENTS = YES;
				CLANG_WARN_EMPTY_BODY = YES;
				CLANG_WARN_ENUM_CONVERSION = YES;
				CLANG_WARN_INFINITE_RECURSION = YES;
				CLANG_WARN_INT_CONVERSION = YES;
				CLANG_WARN_NON_LITERAL_NULL_CONVERSION = YES;
				CLANG_WARN_OBJC_IMPLICIT_RETAIN_SELF = YES;
				CLANG_WARN_OBJC_LITERAL_CONVERSION = YES;
				CLANG_WARN_OBJC_ROOT_CLASS = YES_ERROR;
				CLANG_WARN_QUOTED_INCLUDE_IN_FRAMEWORK_HEADER = YES;
				CLANG_WARN_RANGE_LOOP_ANALYSIS = YES;
				CLANG_WARN_STRICT_PROTOTYPES = YES;
				CLANG_WARN_SUSPICIOUS_MOVE = YES;
				CLANG_WARN_UNGUARDED_AVAILABILITY = YES_AGGRESSIVE;
				CLANG_WARN_UNREACHABLE_CODE = YES;
				CLANG_WARN__DUPLICATE_METHOD_MATCH = YES;
				COPY_PHASE_STRIP = NO;
				DEBUG_INFORMATION_FORMAT = "dwarf-with-dsym";
				ENABLE_NS_ASSERTIONS = NO;
				ENABLE_STRICT_OBJC_MSGSEND = YES;
				ENABLE_USER_SCRIPT_SANDBOXING = YES;
				GCC_C_LANGUAGE_STANDARD = gnu17;
				GCC_NO_COMMON_BLOCKS = YES;
				GCC_WARN_64_TO_32_BIT_CONVERSION = YES;
				GCC_WARN_ABOUT_RETURN_TYPE = YES_ERROR;
				GCC_WARN_UNDECLARED_SELECTOR = YES;
				GCC_WARN_UNINITIALIZED_AUTOS = YES_AGGRESSIVE;
				GCC_WARN_UNUSED_FUNCTION = YES;
				GCC_WARN_UNUSED_VARIABLE = YES;
				IPHONEOS_DEPLOYMENT_TARGET = 18.0;
				LOCALIZATION_PREFERS_STRING_CATALOGS = YES;
				MTL_ENABLE_DEBUG_INFO = NO;
				MTL_FAST_MATH = YES;
				SDKROOT = iphoneos;
				SWIFT_COMPILATION_MODE = wholemodule;
				VALIDATE_PRODUCT = YES;
			};
			name = Release;
		};
		048C21922CABF2F7003EBAAD /* Debug */ = {
			isa = XCBuildConfiguration;
			buildSettings = {
				ASSETCATALOG_COMPILER_APPICON_NAME = AppIcon;
				ASSETCATALOG_COMPILER_GLOBAL_ACCENT_COLOR_NAME = AccentColor;
				CODE_SIGN_STYLE = Automatic;
				CURRENT_PROJECT_VERSION = 1;
				DEVELOPMENT_ASSET_PATHS = "\"DragGesture/Preview Content\"";
				ENABLE_PREVIEWS = YES;
				GENERATE_INFOPLIST_FILE = YES;
				INFOPLIST_KEY_UIApplicationSceneManifest_Generation = YES;
				INFOPLIST_KEY_UIApplicationSupportsIndirectInputEvents = YES;
				INFOPLIST_KEY_UILaunchScreen_Generation = YES;
				INFOPLIST_KEY_UISupportedInterfaceOrientations_iPad = "UIInterfaceOrientationPortrait UIInterfaceOrientationPortraitUpsideDown UIInterfaceOrientationLandscapeLeft UIInterfaceOrientationLandscapeRight";
				INFOPLIST_KEY_UISupportedInterfaceOrientations_iPhone = "UIInterfaceOrientationPortrait UIInterfaceOrientationLandscapeLeft UIInterfaceOrientationLandscapeRight";
				LD_RUNPATH_SEARCH_PATHS = (
					"$(inherited)",
					"@executable_path/Frameworks",
				);
				MARKETING_VERSION = 1.0;
				PRODUCT_BUNDLE_IDENTIFIER = com.buildwithrisyad.DragGesture;
				PRODUCT_NAME = "$(TARGET_NAME)";
				SWIFT_EMIT_LOC_STRINGS = YES;
				SWIFT_VERSION = 5.0;
				TARGETED_DEVICE_FAMILY = "1,2";
			};
			name = Debug;
		};
		048C21932CABF2F7003EBAAD /* Release */ = {
			isa = XCBuildConfiguration;
			buildSettings = {
				ASSETCATALOG_COMPILER_APPICON_NAME = AppIcon;
				ASSETCATALOG_COMPILER_GLOBAL_ACCENT_COLOR_NAME = AccentColor;
				CODE_SIGN_STYLE = Automatic;
				CURRENT_PROJECT_VERSION = 1;
				DEVELOPMENT_ASSET_PATHS = "\"DragGesture/Preview Content\"";
				ENABLE_PREVIEWS = YES;
				GENERATE_INFOPLIST_FILE = YES;
				INFOPLIST_KEY_UIApplicationSceneManifest_Generation = YES;
				INFOPLIST_KEY_UIApplicationSupportsIndirectInputEvents = YES;
				INFOPLIST_KEY_UILaunchScreen_Generation = YES;
				INFOPLIST_KEY_UISupportedInterfaceOrientations_iPad = "UIInterfaceOrientationPortrait UIInterfaceOrientationPortraitUpsideDown UIInterfaceOrientationLandscapeLeft UIInterfaceOrientationLandscapeRight";
				INFOPLIST_KEY_UISupportedInterfaceOrientations_iPhone = "UIInterfaceOrientationPortrait UIInterfaceOrientationLandscapeLeft UIInterfaceOrientationLandscapeRight";
				LD_RUNPATH_SEARCH_PATHS = (
					"$(inherited)",
					"@executable_path/Frameworks",
				);
				MARKETING_VERSION = 1.0;
				PRODUCT_BUNDLE_IDENTIFIER = com.buildwithrisyad.DragGesture;
				PRODUCT_NAME = "$(TARGET_NAME)";
				SWIFT_EMIT_LOC_STRINGS = YES;
				SWIFT_VERSION = 5.0;
				TARGETED_DEVICE_FAMILY = "1,2";
			};
			name = Release;
		};
		048C21952CABF2F7003EBAAD /* Debug */ = {
			isa = XCBuildConfiguration;
			buildSettings = {
				BUNDLE_LOADER = "$(TEST_HOST)";
				CODE_SIGN_STYLE = Automatic;
				CURRENT_PROJECT_VERSION = 1;
				GENERATE_INFOPLIST_FILE = YES;
				IPHONEOS_DEPLOYMENT_TARGET = 18.0;
				MARKETING_VERSION = 1.0;
				PRODUCT_BUNDLE_IDENTIFIER = com.buildwithrisyad.DragGestureTests;
				PRODUCT_NAME = "$(TARGET_NAME)";
				SWIFT_EMIT_LOC_STRINGS = NO;
				SWIFT_VERSION = 5.0;
				TARGETED_DEVICE_FAMILY = "1,2";
				TEST_HOST = "$(BUILT_PRODUCTS_DIR)/DragGesture.app/$(BUNDLE_EXECUTABLE_FOLDER_PATH)/DragGesture";
			};
			name = Debug;
		};
		048C21962CABF2F7003EBAAD /* Release */ = {
			isa = XCBuildConfiguration;
			buildSettings = {
				BUNDLE_LOADER = "$(TEST_HOST)";
				CODE_SIGN_STYLE = Automatic;
				CURRENT_PROJECT_VERSION = 1;
				GENERATE_INFOPLIST_FILE = YES;
				IPHONEOS_DEPLOYMENT_TARGET = 18.0;
				MARKETING_VERSION = 1.0;
				PRODUCT_BUNDLE_IDENTIFIER = com.buildwithrisyad.DragGestureTests;
				PRODUCT_NAME = "$(TARGET_NAME)";
				SWIFT_EMIT_LOC_STRINGS = NO;
				SWIFT_VERSION = 5.0;
				TARGETED_DEVICE_FAMILY = "1,2";
				TEST_HOST = "$(BUILT_PRODUCTS_DIR)/DragGesture.app/$(BUNDLE_EXECUTABLE_FOLDER_PATH)/DragGesture";
			};
			name = Release;
		};
		048C21982CABF2F7003EBAAD /* Debug */ = {
			isa = XCBuildConfiguration;
			buildSettings = {
				CODE_SIGN_STYLE = Automatic;
				CURRENT_PROJECT_VERSION = 1;
				GENERATE_INFOPLIST_FILE = YES;
				MARKETING_VERSION = 1.0;
				PRODUCT_BUNDLE_IDENTIFIER = com.buildwithrisyad.DragGestureUITests;
				PRODUCT_NAME = "$(TARGET_NAME)";
				SWIFT_EMIT_LOC_STRINGS = NO;
				SWIFT_VERSION = 5.0;
				TARGETED_DEVICE_FAMILY = "1,2";
				TEST_TARGET_NAME = DragGesture;
			};
			name = Debug;
		};
		048C21992CABF2F7003EBAAD /* Release */ = {
			isa = XCBuildConfiguration;
			buildSettings = {
				CODE_SIGN_STYLE = Automatic;
				CURRENT_PROJECT_VERSION = 1;
				GENERATE_INFOPLIST_FILE = YES;
				MARKETING_VERSION = 1.0;
				PRODUCT_BUNDLE_IDENTIFIER = com.buildwithrisyad.DragGestureUITests;
				PRODUCT_NAME = "$(TARGET_NAME)";
				SWIFT_EMIT_LOC_STRINGS = NO;
				SWIFT_VERSION = 5.0;
				TARGETED_DEVICE_FAMILY = "1,2";
				TEST_TARGET_NAME = DragGesture;
			};
			name = Release;
		};
/* End XCBuildConfiguration section */

/* Begin XCConfigurationList section */
		048C21682CABF2F5003EBAAD /* Build configuration list for PBXProject "DragGesture" */ = {
			isa = XCConfigurationList;
			buildConfigurations = (
				048C218F2CABF2F7003EBAAD /* Debug */,
				048C21902CABF2F7003EBAAD /* Release */,
			);
			defaultConfigurationIsVisible = 0;
			defaultConfigurationName = Release;
		};
		048C21912CABF2F7003EBAAD /* Build configuration list for PBXNativeTarget "DragGesture" */ = {
			isa = XCConfigurationList;
			buildConfigurations = (
				048C21922CABF2F7003EBAAD /* Debug */,
				048C21932CABF2F7003EBAAD /* Release */,
			);
			defaultConfigurationIsVisible = 0;
			defaultConfigurationName = Release;
		};
		048C21942CABF2F7003EBAAD /* Build configuration list for PBXNativeTarget "DragGestureTests" */ = {
			isa = XCConfigurationList;
			buildConfigurations = (
				048C21952CABF2F7003EBAAD /* Debug */,
				048C21962CABF2F7003EBAAD /* Release */,
			);
			defaultConfigurationIsVisible = 0;
			defaultConfigurationName = Release;
		};
		048C21972CABF2F7003EBAAD /* Build configuration list for PBXNativeTarget "DragGestureUITests" */ = {
			isa = XCConfigurationList;
			buildConfigurations = (
				048C21982CABF2F7003EBAAD /* Debug */,
				048C21992CABF2F7003EBAAD /* Release */,
			);
			defaultConfigurationIsVisible = 0;
			defaultConfigurationName = Release;
		};
/* End XCConfigurationList section */
	};
	rootObject = 048C21652CABF2F5003EBAAD /* Project object */;
}
